
Microsoft Visual Studio Solution File, Format Version 12.00
# Visual Studio Version 16
VisualStudioVersion = 16.0.30011.22
MinimumVisualStudioVersion = 10.0.40219.1
Project("{888888A0-9F3D-457C-B088-3A5042F75D52}") = "advent-of-code", "advent-of-code\advent-of-code.pyproj", "{1763D3FD-C281-4C06-A03F-342EA9FC6E04}"
EndProject
Global
	GlobalSection(SolutionConfigurationPlatforms) = preSolution
		Debug|Any CPU = Debug|Any CPU
		Release|Any CPU = Release|Any CPU
	EndGlobalSection
	GlobalSection(ProjectConfigurationPlatforms) = postSolution
		{1763D3FD-C281-4C06-A03F-342EA9FC6E04}.Debug|Any CPU.ActiveCfg = Debug|Any CPU
		{1763D3FD-C281-4C06-A03F-342EA9FC6E04}.Release|Any CPU.ActiveCfg = Release|Any CPU
	EndGlobalSection
	GlobalSection(SolutionProperties) = preSolution
		HideSolutionNode = FALSE
	EndGlobalSection
	GlobalSection(ExtensibilityGlobals) = postSolution
		SolutionGuid = {DB78DD8C-F1FA-42AE-B5A2-98707EC87718}
	EndGlobalSection
EndGlobal
